
Microsoft Visual Studio Solution File, Format Version 12.00
# Visual Studio Version 17
VisualStudioVersion = 17.5.33516.290
MinimumVisualStudioVersion = 10.0.40219.1
Project("{9A19103F-16F7-4668-BE54-9A1E7A4F7556}") = "elk-demo", "elk-demo.csproj", "{AA6A0334-6CEC-481F-8F91-5EA20DB7790C}"
EndProject
Global
	GlobalSection(SolutionConfigurationPlatforms) = preSolution
		Debug|Any CPU = Debug|Any CPU
		Release|Any CPU = Release|Any CPU
	EndGlobalSection
	GlobalSection(ProjectConfigurationPlatforms) = postSolution
		{AA6A0334-6CEC-481F-8F91-5EA20DB7790C}.Debug|Any CPU.ActiveCfg = Debug|Any CPU
		{AA6A0334-6CEC-481F-8F91-5EA20DB7790C}.Debug|Any CPU.Build.0 = Debug|Any CPU
		{AA6A0334-6CEC-481F-8F91-5EA20DB7790C}.Release|Any CPU.ActiveCfg = Release|Any CPU
		{AA6A0334-6CEC-481F-8F91-5EA20DB7790C}.Release|Any CPU.Build.0 = Release|Any CPU
	EndGlobalSection
	GlobalSection(SolutionProperties) = preSolution
		HideSolutionNode = FALSE
	EndGlobalSection
	GlobalSection(ExtensibilityGlobals) = postSolution
		SolutionGuid = {7BFA3FE1-CD0E-4D38-A8E9-937C97021816}
	EndGlobalSection
EndGlobal
